// !$*UTF8*$!
{
	archiveVersion = 1;
	classes = {
	};
	objectVersion = 46;
	objects = {

/* Begin PBXBuildFile section */
		A7A41F161B35915200F8CD78 /* main.m in Sources */ = {isa = PBXBuildFile; fileRef = A7A41F151B35915200F8CD78 /* main.m */; };
		A7A41F191B35915200F8CD78 /* AppDelegate.m in Sources */ = {isa = PBXBuildFile; fileRef = A7A41F181B35915200F8CD78 /* AppDelegate.m */; };
		A7A41F1C1B35915200F8CD78 /* ViewController.m in Sources */ = {isa = PBXBuildFile; fileRef = A7A41F1B1B35915200F8CD78 /* ViewController.m */; };
		A7A41F1F1B35915200F8CD78 /* Main.storyboard in Resources */ = {isa = PBXBuildFile; fileRef = A7A41F1D1B35915200F8CD78 /* Main.storyboard */; };
		A7A41F211B35915200F8CD78 /* Images.xcassets in Resources */ = {isa = PBXBuildFile; fileRef = A7A41F201B35915200F8CD78 /* Images.xcassets */; };
		A7A41F241B35915200F8CD78 /* LaunchScreen.xib in Resources */ = {isa = PBXBuildFile; fileRef = A7A41F221B35915200F8CD78 /* LaunchScreen.xib */; };
		A7A41F301B35915200F8CD78 /* Test0620CollectionViewTests.m in Sources */ = {isa = PBXBuildFile; fileRef = A7A41F2F1B35915200F8CD78 /* Test0620CollectionViewTests.m */; };
		A7A41F3B1B35918600F8CD78 /* CollectionViewController.m in Sources */ = {isa = PBXBuildFile; fileRef = A7A41F3A1B35918600F8CD78 /* CollectionViewController.m */; };
		A7A41F751B36858100F8CD78 /* CollectionViewCell.m in Sources */ = {isa = PBXBuildFile; fileRef = A7A41F741B36858100F8CD78 /* CollectionViewCell.m */; };
/* End PBXBuildFile section */

/* Begin PBXContainerItemProxy section */
		A7A41F2A1B35915200F8CD78 /* PBXContainerItemProxy */ = {
			isa = PBXContainerItemProxy;
			containerPortal = A7A41F081B35915200F8CD78 /* Project object */;
			proxyType = 1;
			remoteGlobalIDString = A7A41F0F1B35915200F8CD78;
			remoteInfo = Test0620CollectionView;
		};
/* End PBXContainerItemProxy section */

/* Begin PBXFileReference section */
		A7A41F101B35915200F8CD78 /* Test0620CollectionView.app */ = {isa = PBXFileReference; explicitFileType = wrapper.application; includeInIndex = 0; path = Test0620CollectionView.app; sourceTree = BUILT_PRODUCTS_DIR; };
		A7A41F141B35915200F8CD78 /* Info.plist */ = {isa = PBXFileReference; lastKnownFileType = text.plist.xml; path = Info.plist; sourceTree = "<group>"; };
		A7A41F151B35915200F8CD78 /* main.m */ = {isa = PBXFileReference; lastKnownFileType = sourcecode.c.objc; path = main.m; sourceTree = "<group>"; };
		A7A41F171B35915200F8CD78 /* AppDelegate.h */ = {isa = PBXFileReference; lastKnownFileType = sourcecode.c.h; path = AppDelegate.h; sourceTree = "<group>"; };
		A7A41F181B35915200F8CD78 /* AppDelegate.m */ = {isa = PBXFileReference; lastKnownFileType = sourcecode.c.objc; path = AppDelegate.m; sourceTree = "<group>"; };
		A7A41F1A1B35915200F8CD78 /* ViewController.h */ = {isa = PBXFileReference; lastKnownFileType = sourcecode.c.h; path = ViewController.h; sourceTree = "<group>"; };
		A7A41F1B1B35915200F8CD78 /* ViewController.m */ = {isa = PBXFileReference; lastKnownFileType = sourcecode.c.objc; path = ViewController.m; sourceTree = "<group>"; };
		A7A41F1E1B35915200F8CD78 /* Base */ = {isa = PBXFileReference; lastKnownFileType = file.storyboard; name = Base; path = Base.lproj/Main.storyboard; sourceTree = "<group>"; };
		A7A41F201B35915200F8CD78 /* Images.xcassets */ = {isa = PBXFileReference; lastKnownFileType = folder.assetcatalog; path = Images.xcassets; sourceTree = "<group>"; };
		A7A41F231B35915200F8CD78 /* Base */ = {isa = PBXFileReference; lastKnownFileType = file.xib; name = Base; path = Base.lproj/LaunchScreen.xib; sourceTree = "<group>"; };
		A7A41F291B35915200F8CD78 /* Test0620CollectionViewTests.xctest */ = {isa = PBXFileReference; explicitFileType = wrapper.cfbundle; includeInIndex = 0; path = Test0620CollectionViewTests.xctest; sourceTree = BUILT_PRODUCTS_DIR; };
		A7A41F2E1B35915200F8CD78 /* Info.plist */ = {isa = PBXFileReference; lastKnownFileType = text.plist.xml; path = Info.plist; sourceTree = "<group>"; };
		A7A41F2F1B35915200F8CD78 /* Test0620CollectionViewTests.m */ = {isa = PBXFileReference; lastKnownFileType = sourcecode.c.objc; path = Test0620CollectionViewTests.m; sourceTree = "<group>"; };
		A7A41F391B35918600F8CD78 /* CollectionViewController.h */ = {isa = PBXFileReference; fileEncoding = 4; lastKnownFileType = sourcecode.c.h; path = CollectionViewController.h; sourceTree = "<group>"; };
		A7A41F3A1B35918600F8CD78 /* CollectionViewController.m */ = {isa = PBXFileReference; fileEncoding = 4; lastKnownFileType = sourcecode.c.objc; path = CollectionViewController.m; sourceTree = "<group>"; };
		A7A41F731B36858100F8CD78 /* CollectionViewCell.h */ = {isa = PBXFileReference; fileEncoding = 4; lastKnownFileType = sourcecode.c.h; path = CollectionViewCell.h; sourceTree = "<group>"; };
		A7A41F741B36858100F8CD78 /* CollectionViewCell.m */ = {isa = PBXFileReference; fileEncoding = 4; lastKnownFileType = sourcecode.c.objc; path = CollectionViewCell.m; sourceTree = "<group>"; };
/* End PBXFileReference section */

/* Begin PBXFrameworksBuildPhase section */
		A7A41F0D1B35915200F8CD78 /* Frameworks */ = {
			isa = PBXFrameworksBuildPhase;
			buildActionMask = 2147483647;
			files = (
			);
			runOnlyForDeploymentPostprocessing = 0;
		};
		A7A41F261B35915200F8CD78 /* Frameworks */ = {
			isa = PBXFrameworksBuildPhase;
			buildActionMask = 2147483647;
			files = (
			);
			runOnlyForDeploymentPostprocessing = 0;
		};
/* End PBXFrameworksBuildPhase section */

/* Begin PBXGroup section */
		A7A41F071B35915200F8CD78 = {
			isa = PBXGroup;
			children = (
				A7A41F121B35915200F8CD78 /* Test0620CollectionView */,
				A7A41F2C1B35915200F8CD78 /* Test0620CollectionViewTests */,
				A7A41F111B35915200F8CD78 /* Products */,
			);
			sourceTree = "<group>";
		};
		A7A41F111B35915200F8CD78 /* Products */ = {
			isa = PBXGroup;
			children = (
				A7A41F101B35915200F8CD78 /* Test0620CollectionView.app */,
				A7A41F291B35915200F8CD78 /* Test0620CollectionViewTests.xctest */,
			);
			name = Products;
			sourceTree = "<group>";
		};
		A7A41F121B35915200F8CD78 /* Test0620CollectionView */ = {
			isa = PBXGroup;
			children = (
				A7A41F171B35915200F8CD78 /* AppDelegate.h */,
				A7A41F181B35915200F8CD78 /* AppDelegate.m */,
				A7A41F1A1B35915200F8CD78 /* ViewController.h */,
				A7A41F1B1B35915200F8CD78 /* ViewController.m */,
				A7A41F391B35918600F8CD78 /* CollectionViewController.h */,
				A7A41F3A1B35918600F8CD78 /* CollectionViewController.m */,
				A7A41F1D1B35915200F8CD78 /* Main.storyboard */,
				A7A41F731B36858100F8CD78 /* CollectionViewCell.h */,
				A7A41F741B36858100F8CD78 /* CollectionViewCell.m */,
				A7A41F201B35915200F8CD78 /* Images.xcassets */,
				A7A41F221B35915200F8CD78 /* LaunchScreen.xib */,
				A7A41F131B35915200F8CD78 /* Supporting Files */,
			);
			path = Test0620CollectionView;
			sourceTree = "<group>";
		};
		A7A41F131B35915200F8CD78 /* Supporting Files */ = {
			isa = PBXGroup;
			children = (
				A7A41F141B35915200F8CD78 /* Info.plist */,
				A7A41F151B35915200F8CD78 /* main.m */,
			);
			name = "Supporting Files";
			sourceTree = "<group>";
		};
		A7A41F2C1B35915200F8CD78 /* Test0620CollectionViewTests */ = {
			isa = PBXGroup;
			children = (
				A7A41F2F1B35915200F8CD78 /* Test0620CollectionViewTests.m */,
				A7A41F2D1B35915200F8CD78 /* Supporting Files */,
			);
			path = Test0620CollectionViewTests;
			sourceTree = "<group>";
		};
		A7A41F2D1B35915200F8CD78 /* Supporting Files */ = {
			isa = PBXGroup;
			children = (
				A7A41F2E1B35915200F8CD78 /* Info.plist */,
			);
			name = "Supporting Files";
			sourceTree = "<group>";
		};
/* End PBXGroup section */

/* Begin PBXNativeTarget section */
		A7A41F0F1B35915200F8CD78 /* Test0620CollectionView */ = {
			isa = PBXNativeTarget;
			buildConfigurationList = A7A41F331B35915200F8CD78 /* Build configuration list for PBXNativeTarget "Test0620CollectionView" */;
			buildPhases = (
				A7A41F0C1B35915200F8CD78 /* Sources */,
				A7A41F0D1B35915200F8CD78 /* Frameworks */,
				A7A41F0E1B35915200F8CD78 /* Resources */,
			);
			buildRules = (
			);
			dependencies = (
			);
			name = Test0620CollectionView;
			productName = Test0620CollectionView;
			productReference = A7A41F101B35915200F8CD78 /* Test0620CollectionView.app */;
			productType = "com.apple.product-type.application";
		};
		A7A41F281B35915200F8CD78 /* Test0620CollectionViewTests */ = {
			isa = PBXNativeTarget;
			buildConfigurationList = A7A41F361B35915200F8CD78 /* Build configuration list for PBXNativeTarget "Test0620CollectionViewTests" */;
			buildPhases = (
				A7A41F251B35915200F8CD78 /* Sources */,
				A7A41F261B35915200F8CD78 /* Frameworks */,
				A7A41F271B35915200F8CD78 /* Resources */,
			);
			buildRules = (
			);
			dependencies = (
				A7A41F2B1B35915200F8CD78 /* PBXTargetDependency */,
			);
			name = Test0620CollectionViewTests;
			productName = Test0620CollectionViewTests;
			productReference = A7A41F291B35915200F8CD78 /* Test0620CollectionViewTests.xctest */;
			productType = "com.apple.product-type.bundle.unit-test";
		};
/* End PBXNativeTarget section */

/* Begin PBXProject section */
		A7A41F081B35915200F8CD78 /* Project object */ = {
			isa = PBXProject;
			attributes = {
				LastUpgradeCheck = 0630;
				ORGANIZATIONNAME = lalaleelala;
				TargetAttributes = {
					A7A41F0F1B35915200F8CD78 = {
						CreatedOnToolsVersion = 6.3.2;
					};
					A7A41F281B35915200F8CD78 = {
						CreatedOnToolsVersion = 6.3.2;
						TestTargetID = A7A41F0F1B35915200F8CD78;
					};
				};
			};
			buildConfigurationList = A7A41F0B1B35915200F8CD78 /* Build configuration list for PBXProject "Test0620CollectionView" */;
			compatibilityVersion = "Xcode 3.2";
			developmentRegion = English;
			hasScannedForEncodings = 0;
			knownRegions = (
				en,
				Base,
			);
			mainGroup = A7A41F071B35915200F8CD78;
			productRefGroup = A7A41F111B35915200F8CD78 /* Products */;
			projectDirPath = "";
			projectRoot = "";
			targets = (
				A7A41F0F1B35915200F8CD78 /* Test0620CollectionView */,
				A7A41F281B35915200F8CD78 /* Test0620CollectionViewTests */,
			);
		};
/* End PBXProject section */

/* Begin PBXResourcesBuildPhase section */
		A7A41F0E1B35915200F8CD78 /* Resources */ = {
			isa = PBXResourcesBuildPhase;
			buildActionMask = 2147483647;
			files = (
				A7A41F1F1B35915200F8CD78 /* Main.storyboard in Resources */,
				A7A41F241B35915200F8CD78 /* LaunchScreen.xib in Resources */,
				A7A41F211B35915200F8CD78 /* Images.xcassets in Resources */,
			);
			runOnlyForDeploymentPostprocessing = 0;
		};
		A7A41F271B35915200F8CD78 /* Resources */ = {
			isa = PBXResourcesBuildPhase;
			buildActionMask = 2147483647;
			files = (
			);
			runOnlyForDeploymentPostprocessing = 0;
		};
/* End PBXResourcesBuildPhase section */

/* Begin PBXSourcesBuildPhase section */
		A7A41F0C1B35915200F8CD78 /* Sources */ = {
			isa = PBXSourcesBuildPhase;
			buildActionMask = 2147483647;
			files = (
				A7A41F3B1B35918600F8CD78 /* CollectionViewController.m in Sources */,
				A7A41F751B36858100F8CD78 /* CollectionViewCell.m in Sources */,
				A7A41F1C1B35915200F8CD78 /* ViewController.m in Sources */,
				A7A41F191B35915200F8CD78 /* AppDelegate.m in Sources */,
				A7A41F161B35915200F8CD78 /* main.m in Sources */,
			);
			runOnlyForDeploymentPostprocessing = 0;
		};
		A7A41F251B35915200F8CD78 /* Sources */ = {
			isa = PBXSourcesBuildPhase;
			buildActionMask = 2147483647;
			files = (
				A7A41F301B35915200F8CD78 /* Test0620CollectionViewTests.m in Sources */,
			);
			runOnlyForDeploymentPostprocessing = 0;
		};
/* End PBXSourcesBuildPhase section */

/* Begin PBXTargetDependency section */
		A7A41F2B1B35915200F8CD78 /* PBXTargetDependency */ = {
			isa = PBXTargetDependency;
			target = A7A41F0F1B35915200F8CD78 /* Test0620CollectionView */;
			targetProxy = A7A41F2A1B35915200F8CD78 /* PBXContainerItemProxy */;
		};
/* End PBXTargetDependency section */

/* Begin PBXVariantGroup section */
		A7A41F1D1B35915200F8CD78 /* Main.storyboard */ = {
			isa = PBXVariantGroup;
			children = (
				A7A41F1E1B35915200F8CD78 /* Base */,
			);
			name = Main.storyboard;
			sourceTree = "<group>";
		};
		A7A41F221B35915200F8CD78 /* LaunchScreen.xib */ = {
			isa = PBXVariantGroup;
			children = (
				A7A41F231B35915200F8CD78 /* Base */,
			);
			name = LaunchScreen.xib;
			sourceTree = "<group>";
		};
/* End PBXVariantGroup section */

/* Begin XCBuildConfiguration section */
		A7A41F311B35915200F8CD78 /* Debug */ = {
			isa = XCBuildConfiguration;
			buildSettings = {
				ALWAYS_SEARCH_USER_PATHS = NO;
				CLANG_CXX_LANGUAGE_STANDARD = "gnu++0x";
				CLANG_CXX_LIBRARY = "libc++";
				CLANG_ENABLE_MODULES = YES;
				CLANG_ENABLE_OBJC_ARC = YES;
				CLANG_WARN_BOOL_CONVERSION = YES;
				CLANG_WARN_CONSTANT_CONVERSION = YES;
				CLANG_WARN_DIRECT_OBJC_ISA_USAGE = YES_ERROR;
				CLANG_WARN_EMPTY_BODY = YES;
				CLANG_WARN_ENUM_CONVERSION = YES;
				CLANG_WARN_INT_CONVERSION = YES;
				CLANG_WARN_OBJC_ROOT_CLASS = YES_ERROR;
				CLANG_WARN_UNREACHABLE_CODE = YES;
				CLANG_WARN__DUPLICATE_METHOD_MATCH = YES;
				"CODE_SIGN_IDENTITY[sdk=iphoneos*]" = "iPhone Developer";
				COPY_PHASE_STRIP = NO;
				DEBUG_INFORMATION_FORMAT = "dwarf-with-dsym";
				ENABLE_STRICT_OBJC_MSGSEND = YES;
				GCC_C_LANGUAGE_STANDARD = gnu99;
				GCC_DYNAMIC_NO_PIC = NO;
				GCC_NO_COMMON_BLOCKS = YES;
				GCC_OPTIMIZATION_LEVEL = 0;
				GCC_PREPROCESSOR_DEFINITIONS = (
					"DEBUG=1",
					"$(inherited)",
				);
				GCC_SYMBOLS_PRIVATE_EXTERN = NO;
				GCC_WARN_64_TO_32_BIT_CONVERSION = YES;
				GCC_WARN_ABOUT_RETURN_TYPE = YES_ERROR;
				GCC_WARN_UNDECLARED_SELECTOR = YES;
				GCC_WARN_UNINITIALIZED_AUTOS = YES_AGGRESSIVE;
				GCC_WARN_UNUSED_FUNCTION = YES;
				GCC_WARN_UNUSED_VARIABLE = YES;
				IPHONEOS_DEPLOYMENT_TARGET = 8.3;
				MTL_ENABLE_DEBUG_INFO = YES;
				ONLY_ACTIVE_ARCH = YES;
				SDKROOT = iphoneos;
				TARGETED_DEVICE_FAMILY = "1,2";
			};
			name = Debug;
		};
		A7A41F321B35915200F8CD78 /* Release */ = {
			isa = XCBuildConfiguration;
			buildSettings = {
				ALWAYS_SEARCH_USER_PATHS = NO;
				CLANG_CXX_LANGUAGE_STANDARD = "gnu++0x";
				CLANG_CXX_LIBRARY = "libc++";
				CLANG_ENABLE_MODULES = YES;
				CLANG_ENABLE_OBJC_ARC = YES;
				CLANG_WARN_BOOL_CONVERSION = YES;
				CLANG_WARN_CONSTANT_CONVERSION = YES;
				CLANG_WARN_DIRECT_OBJC_ISA_USAGE = YES_ERROR;
				CLANG_WARN_EMPTY_BODY = YES;
				CLANG_WARN_ENUM_CONVERSION = YES;
				CLANG_WARN_INT_CONVERSION = YES;
				CLANG_WARN_OBJC_ROOT_CLASS = YES_ERROR;
				CLANG_WARN_UNREACHABLE_CODE = YES;
				CLANG_WARN__DUPLICATE_METHOD_MATCH = YES;
				"CODE_SIGN_IDENTITY[sdk=iphoneos*]" = "iPhone Developer";
				COPY_PHASE_STRIP = NO;
				DEBUG_INFORMATION_FORMAT = "dwarf-with-dsym";
				ENABLE_NS_ASSERTIONS = NO;
				ENABLE_STRICT_OBJC_MSGSEND = YES;
				GCC_C_LANGUAGE_STANDARD = gnu99;
				GCC_NO_COMMON_BLOCKS = YES;
				GCC_WARN_64_TO_32_BIT_CONVERSION = YES;
				GCC_WARN_ABOUT_RETURN_TYPE = YES_ERROR;
				GCC_WARN_UNDECLARED_SELECTOR = YES;
				GCC_WARN_UNINITIALIZED_AUTOS = YES_AGGRESSIVE;
				GCC_WARN_UNUSED_FUNCTION = YES;
				GCC_WARN_UNUSED_VARIABLE = YES;
				IPHONEOS_DEPLOYMENT_TARGET = 8.3;
				MTL_ENABLE_DEBUG_INFO = NO;
				SDKROOT = iphoneos;
				TARGETED_DEVICE_FAMILY = "1,2";
				VALIDATE_PRODUCT = YES;
			};
			name = Release;
		};
		A7A41F341B35915200F8CD78 /* Debug */ = {
			isa = XCBuildConfiguration;
			buildSettings = {
				ASSETCATALOG_COMPILER_APPICON_NAME = AppIcon;
				INFOPLIST_FILE = Test0620CollectionView/Info.plist;
				LD_RUNPATH_SEARCH_PATHS = "$(inherited) @executable_path/Frameworks";
				PRODUCT_NAME = "$(TARGET_NAME)";
			};
			name = Debug;
		};
		A7A41F351B35915200F8CD78 /* Release */ = {
			isa = XCBuildConfiguration;
			buildSettings = {
				ASSETCATALOG_COMPILER_APPICON_NAME = AppIcon;
				INFOPLIST_FILE = Test0620CollectionView/Info.plist;
				LD_RUNPATH_SEARCH_PATHS = "$(inherited) @executable_path/Frameworks";
				PRODUCT_NAME = "$(TARGET_NAME)";
			};
			name = Release;
		};
		A7A41F371B35915200F8CD78 /* Debug */ = {
			isa = XCBuildConfiguration;
			buildSettings = {
				BUNDLE_LOADER = "$(TEST_HOST)";
				FRAMEWORK_SEARCH_PATHS = (
					"$(SDKROOT)/Developer/Library/Frameworks",
					"$(inherited)",
				);
				GCC_PREPROCESSOR_DEFINITIONS = (
					"DEBUG=1",
					"$(inherited)",
				);
				INFOPLIST_FILE = Test0620CollectionViewTests/Info.plist;
				LD_RUNPATH_SEARCH_PATHS = "$(inherited) @executable_path/Frameworks @loader_path/Frameworks";
				PRODUCT_NAME = "$(TARGET_NAME)";
				TEST_HOST = "$(BUILT_PRODUCTS_DIR)/Test0620CollectionView.app/Test0620CollectionView";
			};
			name = Debug;
		};
		A7A41F381B35915200F8CD78 /* Release */ = {
			isa = XCBuildConfiguration;
			buildSettings = {
				BUNDLE_LOADER = "$(TEST_HOST)";
				FRAMEWORK_SEARCH_PATHS = (
					"$(SDKROOT)/Developer/Library/Frameworks",
					"$(inherited)",
				);
				INFOPLIST_FILE = Test0620CollectionViewTests/Info.plist;
				LD_RUNPATH_SEARCH_PATHS = "$(inherited) @executable_path/Frameworks @loader_path/Frameworks";
				PRODUCT_NAME = "$(TARGET_NAME)";
				TEST_HOST = "$(BUILT_PRODUCTS_DIR)/Test0620CollectionView.app/Test0620CollectionView";
			};
			name = Release;
		};
/* End XCBuildConfiguration section */

/* Begin XCConfigurationList section */
		A7A41F0B1B35915200F8CD78 /* Build configuration list for PBXProject "Test0620CollectionView" */ = {
			isa = XCConfigurationList;
			buildConfigurations = (
				A7A41F311B35915200F8CD78 /* Debug */,
				A7A41F321B35915200F8CD78 /* Release */,
			);
			defaultConfigurationIsVisible = 0;
			defaultConfigurationName = Release;
		};
		A7A41F331B35915200F8CD78 /* Build configuration list for PBXNativeTarget "Test0620CollectionView" */ = {
			isa = XCConfigurationList;
			buildConfigurations = (
				A7A41F341B35915200F8CD78 /* Debug */,
				A7A41F351B35915200F8CD78 /* Release */,
			);
			defaultConfigurationIsVisible = 0;
			defaultConfigurationName = Release;
		};
		A7A41F361B35915200F8CD78 /* Build configuration list for PBXNativeTarget "Test0620CollectionViewTests" */ = {
			isa = XCConfigurationList;
			buildConfigurations = (
				A7A41F371B35915200F8CD78 /* Debug */,
				A7A41F381B35915200F8CD78 /* Release */,
			);
			defaultConfigurationIsVisible = 0;
			defaultConfigurationName = Release;
		};
/* End XCConfigurationList section */
	};
	rootObject = A7A41F081B35915200F8CD78 /* Project object */;
}
